{
  "name": "forecast",
  "version": "1.0.0",
  "lockfileVersion": 1,
  "requires": true,
  "dependencies": {
    "ajv": {
      "version": "6.5.3",
      "resolved": "https://npm.bagaar.be/ajv/-/ajv-6.5.3.tgz",
      "integrity": "sha512-LqZ9wY+fx3UMiiPd741yB2pj3hhil+hQc8taf4o2QGRFpWgZ2V5C8HA165DY9sS3fJwsk7uT7ZlFEyC3Ig3lLg==",
      "requires": {
        "fast-deep-equal": "^2.0.1",
        "fast-json-stable-stringify": "^2.0.0",
        "json-schema-traverse": "^0.4.1",
        "uri-js": "^4.2.2"
      }
    },
    "ansi-regex": {
      "version": "3.0.0",
      "resolved": "https://npm.bagaar.be/ansi-regex/-/ansi-regex-3.0.0.tgz",
      "integrity": "sha1-7QMXwyIGT3lGbAKWa922Bas32Zg="
    },
    "axios": {
      "version": "0.17.1",
      "resolved": "https://npm.bagaar.be/axios/-/axios-0.17.1.tgz",
      "integrity": "sha1-LY4+XQvb1zJ/kbyBT1xXZg+Bgk0=",
      "requires": {
        "follow-redirects": "^1.2.5",
        "is-buffer": "^1.1.5"
      }
    },
    "debug": {
      "version": "3.1.0",
      "resolved": "https://npm.bagaar.be/debug/-/debug-3.1.0.tgz",
      "integrity": "sha512-OX8XqP7/1a9cqkxYw2yXss15f26NKWBpDXQd0/uK/KPqdQhxbPa994hnzjcE2VqQpDslf55723cKPUOGSmMY3g==",
      "requires": {
        "ms": "2.0.0"
      }
    },
    "dotenv": {
      "version": "8.0.0",
      "resolved": "https://npm.bagaar.be/dotenv/-/dotenv-8.0.0.tgz",
      "integrity": "sha512-30xVGqjLjiUOArT4+M5q9sYdvuR4riM6yK9wMcas9Vbp6zZa+ocC9dp6QoftuhTPhFAiLK/0C5Ni2nou/Bk8lg=="
    },
    "fast-deep-equal": {
      "version": "2.0.1",
      "resolved": "https://npm.bagaar.be/fast-deep-equal/-/fast-deep-equal-2.0.1.tgz",
      "integrity": "sha1-ewUhjd+WZ79/Nwv3/bLLFf3Qqkk="
    },
    "fast-json-stable-stringify": {
      "version": "2.0.0",
      "resolved": "https://npm.bagaar.be/fast-json-stable-stringify/-/fast-json-stable-stringify-2.0.0.tgz",
      "integrity": "sha1-1RQsDK7msRifh9OnYREGT4bIu/I="
    },
    "follow-redirects": {
      "version": "1.5.7",
      "resolved": "https://npm.bagaar.be/follow-redirects/-/follow-redirects-1.5.7.tgz",
      "integrity": "sha512-NONJVIFiX7Z8k2WxfqBjtwqMifx7X42ORLFrOZ2LTKGj71G3C0kfdyTqGqr8fx5zSX6Foo/D95dgGWbPUiwnew==",
      "requires": {
        "debug": "^3.1.0"
      }
    },
    "forecast-promise": {
      "version": "1.2.0",
      "resolved": "https://npm.bagaar.be/forecast-promise/-/forecast-promise-1.2.0.tgz",
      "integrity": "sha512-zq+cEy1z05z1kqhb5QbqrU6KhIvMyb6tnQKnPJzNg39XIapGceEb53eiE2iUg9DLF8fQm9x29YLHNzXlB2QRVQ==",
      "requires": {
        "axios": "^0.17.1",
        "moment": "^2.20.1"
      }
    },
    "is-buffer": {
      "version": "1.1.6",
      "resolved": "https://npm.bagaar.be/is-buffer/-/is-buffer-1.1.6.tgz",
      "integrity": "sha512-NcdALwpXkTm5Zvvbk7owOUSvVvBKDgKP5/ewfXEznmQFfs4ZRmanOeKBTjRVjka3QFoN6XJ+9F3USqfHqTaU5w=="
    },
    "is-fullwidth-code-point": {
      "version": "2.0.0",
      "resolved": "https://npm.bagaar.be/is-fullwidth-code-point/-/is-fullwidth-code-point-2.0.0.tgz",
      "integrity": "sha1-o7MKXE8ZkYMWeqq5O+764937ZU8="
    },
    "json-schema-traverse": {
      "version": "0.4.1",
      "resolved": "https://npm.bagaar.be/json-schema-traverse/-/json-schema-traverse-0.4.1.tgz",
      "integrity": "sha512-xbbCH5dCYU5T8LcEhhuh7HJ88HXuW3qsI3Y0zOZFKfZEHcpWiHU/Jxzk629Brsab/mMiHQti9wMP+845RPe3Vg=="
    },
    "luxon": {
      "version": "1.3.3",
      "resolved": "https://npm.bagaar.be/luxon/-/luxon-1.3.3.tgz",
      "integrity": "sha512-3CM0jpS3mbHwWoPYprX1/Zsd5esni0LkhMfSiSY6xQ3/M3pnct3OPWbWkQdEEl9MO9593k6PvDn1DhxCkpuZEw=="
    },
    "moment": {
      "version": "2.22.2",
      "resolved": "https://npm.bagaar.be/moment/-/moment-2.22.2.tgz",
      "integrity": "sha1-PCV/mDn8DpP/UxSWMiOeuQeD/2Y="
    },
    "ms": {
      "version": "2.0.0",
      "resolved": "https://npm.bagaar.be/ms/-/ms-2.0.0.tgz",
      "integrity": "sha1-VgiurfwAvmwpAd9fmGF4jeDVl8g="
    },
    "punycode": {
      "version": "2.1.1",
      "resolved": "https://npm.bagaar.be/punycode/-/punycode-2.1.1.tgz",
      "integrity": "sha512-XRsRjdf+j5ml+y/6GKHPZbrF/8p2Yga0JPtdqTIY2Xe5ohJPD9saDJJLPvp9+NSBprVvevdXZybnj2cv8OEd0A=="
    },
    "slice-ansi": {
      "version": "1.0.0",
      "resolved": "https://npm.bagaar.be/slice-ansi/-/slice-ansi-1.0.0.tgz",
      "integrity": "sha512-POqxBK6Lb3q6s047D/XsDVNPnF9Dl8JSaqe9h9lURl0OdNqy/ujDrOiIHtsqXMGbWWTIomRzAMaTyawAU//Reg==",
      "requires": {
        "is-fullwidth-code-point": "^2.0.0"
      }
    },
    "string-width": {
      "version": "2.1.1",
      "resolved": "https://npm.bagaar.be/string-width/-/string-width-2.1.1.tgz",
      "integrity": "sha512-nOqH59deCq9SRHlxq1Aw85Jnt4w6KvLKqWVik6oA9ZklXLNIOlqg4F2yrT1MVaTjAqvVwdfeZ7w7aCvJD7ugkw==",
      "requires": {
        "is-fullwidth-code-point": "^2.0.0",
        "strip-ansi": "^4.0.0"
      }
    },
    "strip-ansi": {
      "version": "4.0.0",
      "resolved": "https://npm.bagaar.be/strip-ansi/-/strip-ansi-4.0.0.tgz",
      "integrity": "sha1-qEeQIusaw2iocTibY1JixQXuNo8=",
      "requires": {
        "ansi-regex": "^3.0.0"
      }
    },
    "table": {
      "version": "5.0.2",
      "resolved": "https://npm.bagaar.be/table/-/table-5.0.2.tgz",
      "integrity": "sha512-erSn+OGawmDDqgmajCrh2GyzzqKE39P3abmxhqIIdTsOTIFIYl8I6JVDM8x5w+wX4sFyrT2JdP9UF/VEtW5g0Q==",
      "requires": {
        "ajv": "^6.5.3",
        "lodash": "^4.17.10",
        "slice-ansi": "1.0.0",
        "string-width": "^2.1.1"
      },
      "dependencies": {
        "lodash": {
          "version": "4.17.10",
          "resolved": "https://npm.bagaar.be/lodash/-/lodash-4.17.10.tgz",
          "integrity": "sha512-UejweD1pDoXu+AD825lWwp4ZGtSwgnpZxb3JDViD7StjQz+Nb/6l093lx4OQ0foGWNRoc19mWy7BzL+UAK2iVg=="
        }
      }
    },
    "uri-js": {
      "version": "4.2.2",
      "resolved": "https://npm.bagaar.be/uri-js/-/uri-js-4.2.2.tgz",
      "integrity": "sha512-KY9Frmirql91X2Qgjry0Wd4Y+YTdrdZheS8TFwvkbLWf/G5KNJDCh6pKL5OZctEW4+0Baa5idK2ZQuELRwPznQ==",
      "requires": {
        "punycode": "^2.1.0"
      }
    }
  }
}
